// !$*UTF8*$!
{
	archiveVersion = 1;
	classes = {
	};
	objectVersion = 46;
	objects = {

/* Begin PBXFileReference section */
		055EB6CB1A9626E8009ACFEC /* acpi.h */ = {isa = PBXFileReference; fileEncoding = 4; lastKnownFileType = sourcecode.c.h; path = acpi.h; sourceTree = "<group>"; };
		055EB6CC1A9626E8009ACFEC /* acpi.h */ = {isa = PBXFileReference; fileEncoding = 4; lastKnownFileType = sourcecode.c.h; path = acpi.h; sourceTree = "<group>"; };
		055EB6CE1A9626E8009ACFEC /* acapps.h */ = {isa = PBXFileReference; fileEncoding = 4; lastKnownFileType = sourcecode.c.h; path = acapps.h; sourceTree = "<group>"; };
		055EB6CF1A9626E8009ACFEC /* acbuffer.h */ = {isa = PBXFileReference; fileEncoding = 4; lastKnownFileType = sourcecode.c.h; path = acbuffer.h; sourceTree = "<group>"; };
		055EB6D01A9626E8009ACFEC /* accommon.h */ = {isa = PBXFileReference; fileEncoding = 4; lastKnownFileType = sourcecode.c.h; path = accommon.h; sourceTree = "<group>"; };
		055EB6D11A9626E8009ACFEC /* acconfig.h */ = {isa = PBXFileReference; fileEncoding = 4; lastKnownFileType = sourcecode.c.h; path = acconfig.h; sourceTree = "<group>"; };
		055EB6D21A9626E8009ACFEC /* acdebug.h */ = {isa = PBXFileReference; fileEncoding = 4; lastKnownFileType = sourcecode.c.h; path = acdebug.h; sourceTree = "<group>"; };
		055EB6D31A9626E8009ACFEC /* acdisasm.h */ = {isa = PBXFileReference; fileEncoding = 4; lastKnownFileType = sourcecode.c.h; path = acdisasm.h; sourceTree = "<group>"; };
		055EB6D41A9626E8009ACFEC /* acdispat.h */ = {isa = PBXFileReference; fileEncoding = 4; lastKnownFileType = sourcecode.c.h; path = acdispat.h; sourceTree = "<group>"; };
		055EB6D51A9626E8009ACFEC /* acevents.h */ = {isa = PBXFileReference; fileEncoding = 4; lastKnownFileType = sourcecode.c.h; path = acevents.h; sourceTree = "<group>"; };
		055EB6D61A9626E8009ACFEC /* acexcep.h */ = {isa = PBXFileReference; fileEncoding = 4; lastKnownFileType = sourcecode.c.h; path = acexcep.h; sourceTree = "<group>"; };
		055EB6D71A9626E8009ACFEC /* acglobal.h */ = {isa = PBXFileReference; fileEncoding = 4; lastKnownFileType = sourcecode.c.h; path = acglobal.h; sourceTree = "<group>"; };
		055EB6D81A9626E8009ACFEC /* achware.h */ = {isa = PBXFileReference; fileEncoding = 4; lastKnownFileType = sourcecode.c.h; path = achware.h; sourceTree = "<group>"; };
		055EB6D91A9626E8009ACFEC /* acinterp.h */ = {isa = PBXFileReference; fileEncoding = 4; lastKnownFileType = sourcecode.c.h; path = acinterp.h; sourceTree = "<group>"; };
		055EB6DA1A9626E8009ACFEC /* aclocal.h */ = {isa = PBXFileReference; fileEncoding = 4; lastKnownFileType = sourcecode.c.h; path = aclocal.h; sourceTree = "<group>"; };
		055EB6DB1A9626E8009ACFEC /* acmacros.h */ = {isa = PBXFileReference; fileEncoding = 4; lastKnownFileType = sourcecode.c.h; path = acmacros.h; sourceTree = "<group>"; };
		055EB6DC1A9626E8009ACFEC /* acnames.h */ = {isa = PBXFileReference; fileEncoding = 4; lastKnownFileType = sourcecode.c.h; path = acnames.h; sourceTree = "<group>"; };
		055EB6DD1A9626E8009ACFEC /* acnamesp.h */ = {isa = PBXFileReference; fileEncoding = 4; lastKnownFileType = sourcecode.c.h; path = acnamesp.h; sourceTree = "<group>"; };
		055EB6DE1A9626E8009ACFEC /* acobject.h */ = {isa = PBXFileReference; fileEncoding = 4; lastKnownFileType = sourcecode.c.h; path = acobject.h; sourceTree = "<group>"; };
		055EB6DF1A9626E8009ACFEC /* acopcode.h */ = {isa = PBXFileReference; fileEncoding = 4; lastKnownFileType = sourcecode.c.h; path = acopcode.h; sourceTree = "<group>"; };
		055EB6E01A9626E8009ACFEC /* acoutput.h */ = {isa = PBXFileReference; fileEncoding = 4; lastKnownFileType = sourcecode.c.h; path = acoutput.h; sourceTree = "<group>"; };
		055EB6E11A9626E8009ACFEC /* acparser.h */ = {isa = PBXFileReference; fileEncoding = 4; lastKnownFileType = sourcecode.c.h; path = acparser.h; sourceTree = "<group>"; };
		055EB6E21A9626E8009ACFEC /* acpi.h */ = {isa = PBXFileReference; fileEncoding = 4; lastKnownFileType = sourcecode.c.h; path = acpi.h; sourceTree = "<group>"; };
		055EB6E31A9626E8009ACFEC /* acpiosxf.h */ = {isa = PBXFileReference; fileEncoding = 4; lastKnownFileType = sourcecode.c.h; path = acpiosxf.h; sourceTree = "<group>"; };
		055EB6E41A9626E8009ACFEC /* acpixf.h */ = {isa = PBXFileReference; fileEncoding = 4; lastKnownFileType = sourcecode.c.h; path = acpixf.h; sourceTree = "<group>"; };
		055EB6E51A9626E8009ACFEC /* acpredef.h */ = {isa = PBXFileReference; fileEncoding = 4; lastKnownFileType = sourcecode.c.h; path = acpredef.h; sourceTree = "<group>"; };
		055EB6E61A9626E8009ACFEC /* acresrc.h */ = {isa = PBXFileReference; fileEncoding = 4; lastKnownFileType = sourcecode.c.h; path = acresrc.h; sourceTree = "<group>"; };
		055EB6E71A9626E8009ACFEC /* acrestyp.h */ = {isa = PBXFileReference; fileEncoding = 4; lastKnownFileType = sourcecode.c.h; path = acrestyp.h; sourceTree = "<group>"; };
		055EB6E81A9626E8009ACFEC /* acstruct.h */ = {isa = PBXFileReference; fileEncoding = 4; lastKnownFileType = sourcecode.c.h; path = acstruct.h; sourceTree = "<group>"; };
		055EB6E91A9626E8009ACFEC /* actables.h */ = {isa = PBXFileReference; fileEncoding = 4; lastKnownFileType = sourcecode.c.h; path = actables.h; sourceTree = "<group>"; };
		055EB6EA1A9626E8009ACFEC /* actbl.h */ = {isa = PBXFileReference; fileEncoding = 4; lastKnownFileType = sourcecode.c.h; path = actbl.h; sourceTree = "<group>"; };
		055EB6EB1A9626E8009ACFEC /* actbl1.h */ = {isa = PBXFileReference; fileEncoding = 4; lastKnownFileType = sourcecode.c.h; path = actbl1.h; sourceTree = "<group>"; };
		055EB6EC1A9626E8009ACFEC /* actbl2.h */ = {isa = PBXFileReference; fileEncoding = 4; lastKnownFileType = sourcecode.c.h; path = actbl2.h; sourceTree = "<group>"; };
		055EB6ED1A9626E8009ACFEC /* actbl3.h */ = {isa = PBXFileReference; fileEncoding = 4; lastKnownFileType = sourcecode.c.h; path = actbl3.h; sourceTree = "<group>"; };
		055EB6EE1A9626E8009ACFEC /* actypes.h */ = {isa = PBXFileReference; fileEncoding = 4; lastKnownFileType = sourcecode.c.h; path = actypes.h; sourceTree = "<group>"; };
		055EB6EF1A9626E8009ACFEC /* acutils.h */ = {isa = PBXFileReference; fileEncoding = 4; lastKnownFileType = sourcecode.c.h; path = acutils.h; sourceTree = "<group>"; };
		055EB6F01A9626E8009ACFEC /* amlcode.h */ = {isa = PBXFileReference; fileEncoding = 4; lastKnownFileType = sourcecode.c.h; path = amlcode.h; sourceTree = "<group>"; };
		055EB6F11A9626E8009ACFEC /* amlresrc.h */ = {isa = PBXFileReference; fileEncoding = 4; lastKnownFileType = sourcecode.c.h; path = amlresrc.h; sourceTree = "<group>"; };
		055EB6F31A9626E8009ACFEC /* accygwin.h */ = {isa = PBXFileReference; fileEncoding = 4; lastKnownFileType = sourcecode.c.h; path = accygwin.h; sourceTree = "<group>"; };
		055EB6F41A9626E8009ACFEC /* acefi.h */ = {isa = PBXFileReference; fileEncoding = 4; lastKnownFileType = sourcecode.c.h; path = acefi.h; sourceTree = "<group>"; };
		055EB6F51A9626E8009ACFEC /* acenv.h */ = {isa = PBXFileReference; fileEncoding = 4; lastKnownFileType = sourcecode.c.h; path = acenv.h; sourceTree = "<group>"; };
		055EB6F61A9626E8009ACFEC /* acenvex.h */ = {isa = PBXFileReference; fileEncoding = 4; lastKnownFileType = sourcecode.c.h; path = acenvex.h; sourceTree = "<group>"; };
		055EB6F71A9626E8009ACFEC /* acfreebsd.h */ = {isa = PBXFileReference; fileEncoding = 4; lastKnownFileType = sourcecode.c.h; path = acfreebsd.h; sourceTree = "<group>"; };
		055EB6F81A9626E8009ACFEC /* acgcc.h */ = {isa = PBXFileReference; fileEncoding = 4; lastKnownFileType = sourcecode.c.h; path = acgcc.h; sourceTree = "<group>"; };
		055EB6F91A9626E8009ACFEC /* achaiku.h */ = {isa = PBXFileReference; fileEncoding = 4; lastKnownFileType = sourcecode.c.h; path = achaiku.h; sourceTree = "<group>"; };
		055EB6FA1A9626E8009ACFEC /* acintel.h */ = {isa = PBXFileReference; fileEncoding = 4; lastKnownFileType = sourcecode.c.h; path = acintel.h; sourceTree = "<group>"; };
		055EB6FB1A9626E8009ACFEC /* aclinux.h */ = {isa = PBXFileReference; fileEncoding = 4; lastKnownFileType = sourcecode.c.h; path = aclinux.h; sourceTree = "<group>"; };
		055EB6FC1A9626E8009ACFEC /* aclinuxex.h */ = {isa = PBXFileReference; fileEncoding = 4; lastKnownFileType = sourcecode.c.h; path = aclinuxex.h; sourceTree = "<group>"; };
		055EB6FD1A9626E8009ACFEC /* acmacosx.h */ = {isa = PBXFileReference; fileEncoding = 4; lastKnownFileType = sourcecode.c.h; path = acmacosx.h; sourceTree = "<group>"; };
		055EB6FE1A9626E8009ACFEC /* acmsvc.h */ = {isa = PBXFileReference; fileEncoding = 4; lastKnownFileType = sourcecode.c.h; path = acmsvc.h; sourceTree = "<group>"; };
		055EB6FF1A9626E8009ACFEC /* acnetbsd.h */ = {isa = PBXFileReference; fileEncoding = 4; lastKnownFileType = sourcecode.c.h; path = acnetbsd.h; sourceTree = "<group>"; };
		055EB7001A9626E8009ACFEC /* acos2.h */ = {isa = PBXFileReference; fileEncoding = 4; lastKnownFileType = sourcecode.c.h; path = acos2.h; sourceTree = "<group>"; };
		055EB7011A9626E8009ACFEC /* acwin.h */ = {isa = PBXFileReference; fileEncoding = 4; lastKnownFileType = sourcecode.c.h; path = acwin.h; sourceTree = "<group>"; };
		055EB7021A9626E8009ACFEC /* acwin64.h */ = {isa = PBXFileReference; fileEncoding = 4; lastKnownFileType = sourcecode.c.h; path = acwin64.h; sourceTree = "<group>"; };
		055EB7031A9626E8009ACFEC /* acxeos.h */ = {isa = PBXFileReference; fileEncoding = 4; lastKnownFileType = sourcecode.c.h; path = acxeos.h; sourceTree = "<group>"; };
		055EB7041A9626E8009ACFEC /* acpica-clang-warnings.h */ = {isa = PBXFileReference; fileEncoding = 4; lastKnownFileType = sourcecode.c.h; path = "acpica-clang-warnings.h"; sourceTree = "<group>"; };
		055EB7051A9626E8009ACFEC /* acpica.h */ = {isa = PBXFileReference; fileEncoding = 4; lastKnownFileType = sourcecode.c.h; path = acpica.h; sourceTree = "<group>"; };
		055EB7061A9626E8009ACFEC /* acpi.h */ = {isa = PBXFileReference; fileEncoding = 4; lastKnownFileType = sourcecode.c.h; path = acpi.h; sourceTree = "<group>"; };
		055EB7071A9626E8009ACFEC /* Makefile */ = {isa = PBXFileReference; fileEncoding = 4; lastKnownFileType = sourcecode.make; path = Makefile; sourceTree = "<group>"; };
		055EB7081A9626E8009ACFEC /* README.md */ = {isa = PBXFileReference; fileEncoding = 4; lastKnownFileType = net.daringfireball.markdown; path = README.md; sourceTree = "<group>"; };
		055EB70B1A9626E8009ACFEC /* __ACPI.c */ = {isa = PBXFileReference; fileEncoding = 4; lastKnownFileType = sourcecode.c.c; path = __ACPI.c; sourceTree = "<group>"; };
		055EB70C1A9626E8009ACFEC /* ACPI_DisableLogging.c */ = {isa = PBXFileReference; fileEncoding = 4; lastKnownFileType = sourcecode.c.c; path = ACPI_DisableLogging.c; sourceTree = "<group>"; };
		055EB70D1A9626E8009ACFEC /* ACPI_EnableLogging.c */ = {isa = PBXFileReference; fileEncoding = 4; lastKnownFileType = sourcecode.c.c; path = ACPI_EnableLogging.c; sourceTree = "<group>"; };
		055EB70E1A9626E8009ACFEC /* ACPI_SetLoggingFunction.c */ = {isa = PBXFileReference; fileEncoding = 4; lastKnownFileType = sourcecode.c.c; path = ACPI_SetLoggingFunction.c; sourceTree = "<group>"; };
		055EB7101A9626E8009ACFEC /* AcpiOsAcquireLock.c */ = {isa = PBXFileReference; fileEncoding = 4; lastKnownFileType = sourcecode.c.c; path = AcpiOsAcquireLock.c; sourceTree = "<group>"; };
		055EB7111A9626E8009ACFEC /* AcpiOsAcquireMutex.c */ = {isa = PBXFileReference; fileEncoding = 4; lastKnownFileType = sourcecode.c.c; path = AcpiOsAcquireMutex.c; sourceTree = "<group>"; };
		055EB7121A9626E8009ACFEC /* AcpiOsAcquireObject.c */ = {isa = PBXFileReference; fileEncoding = 4; lastKnownFileType = sourcecode.c.c; path = AcpiOsAcquireObject.c; sourceTree = "<group>"; };
		055EB7131A9626E8009ACFEC /* AcpiOsAllocate.c */ = {isa = PBXFileReference; fileEncoding = 4; lastKnownFileType = sourcecode.c.c; path = AcpiOsAllocate.c; sourceTree = "<group>"; };
		055EB7141A9626E8009ACFEC /* AcpiOsCreateCache.c */ = {isa = PBXFileReference; fileEncoding = 4; lastKnownFileType = sourcecode.c.c; path = AcpiOsCreateCache.c; sourceTree = "<group>"; };
		055EB7151A9626E8009ACFEC /* AcpiOsCreateLock.c */ = {isa = PBXFileReference; fileEncoding = 4; lastKnownFileType = sourcecode.c.c; path = AcpiOsCreateLock.c; sourceTree = "<group>"; };
		055EB7161A9626E8009ACFEC /* AcpiOsCreateMutex.c */ = {isa = PBXFileReference; fileEncoding = 4; lastKnownFileType = sourcecode.c.c; path = AcpiOsCreateMutex.c; sourceTree = "<group>"; };
		055EB7171A9626E8009ACFEC /* AcpiOsCreateSemaphore.c */ = {isa = PBXFileReference; fileEncoding = 4; lastKnownFileType = sourcecode.c.c; path = AcpiOsCreateSemaphore.c; sourceTree = "<group>"; };
		055EB7181A9626E8009ACFEC /* AcpiOsDeleteCache.c */ = {isa = PBXFileReference; fileEncoding = 4; lastKnownFileType = sourcecode.c.c; path = AcpiOsDeleteCache.c; sourceTree = "<group>"; };
		055EB7191A9626E8009ACFEC /* AcpiOsDeleteLock.c */ = {isa = PBXFileReference; fileEncoding = 4; lastKnownFileType = sourcecode.c.c; path = AcpiOsDeleteLock.c; sourceTree = "<group>"; };
		055EB71A1A9626E8009ACFEC /* AcpiOsDeleteMutex.c */ = {isa = PBXFileReference; fileEncoding = 4; lastKnownFileType = sourcecode.c.c; path = AcpiOsDeleteMutex.c; sourceTree = "<group>"; };
		055EB71B1A9626E8009ACFEC /* AcpiOsDeleteSemaphore.c */ = {isa = PBXFileReference; fileEncoding = 4; lastKnownFileType = sourcecode.c.c; path = AcpiOsDeleteSemaphore.c; sourceTree = "<group>"; };
		055EB71C1A9626E8009ACFEC /* AcpiOsExecute.c */ = {isa = PBXFileReference; fileEncoding = 4; lastKnownFileType = sourcecode.c.c; path = AcpiOsExecute.c; sourceTree = "<group>"; };
		055EB71D1A9626E8009ACFEC /* AcpiOsFree.c */ = {isa = PBXFileReference; fileEncoding = 4; lastKnownFileType = sourcecode.c.c; path = AcpiOsFree.c; sourceTree = "<group>"; };
		055EB71E1A9626E8009ACFEC /* AcpiOsGetLine.c */ = {isa = PBXFileReference; fileEncoding = 4; lastKnownFileType = sourcecode.c.c; path = AcpiOsGetLine.c; sourceTree = "<group>"; };
		055EB71F1A9626E8009ACFEC /* AcpiOsGetPhysicalAddress.c */ = {isa = PBXFileReference; fileEncoding = 4; lastKnownFileType = sourcecode.c.c; path = AcpiOsGetPhysicalAddress.c; sourceTree = "<group>"; };
		055EB7201A9626E8009ACFEC /* AcpiOsGetRootPointer.c */ = {isa = PBXFileReference; fileEncoding = 4; lastKnownFileType = sourcecode.c.c; path = AcpiOsGetRootPointer.c; sourceTree = "<group>"; };
		055EB7211A9626E8009ACFEC /* AcpiOsGetThreadId.c */ = {isa = PBXFileReference; fileEncoding = 4; lastKnownFileType = sourcecode.c.c; path = AcpiOsGetThreadId.c; sourceTree = "<group>"; };
		055EB7221A9626E8009ACFEC /* AcpiOsGetTimer.c */ = {isa = PBXFileReference; fileEncoding = 4; lastKnownFileType = sourcecode.c.c; path = AcpiOsGetTimer.c; sourceTree = "<group>"; };
		055EB7231A9626E8009ACFEC /* AcpiOsInitialize.c */ = {isa = PBXFileReference; fileEncoding = 4; lastKnownFileType = sourcecode.c.c; path = AcpiOsInitialize.c; sourceTree = "<group>"; };
		055EB7241A9626E8009ACFEC /* AcpiOsInstallInterruptHandler.c */ = {isa = PBXFileReference; fileEncoding = 4; lastKnownFileType = sourcecode.c.c; path = AcpiOsInstallInterruptHandler.c; sourceTree = "<group>"; };
		055EB7251A9626E8009ACFEC /* AcpiOsMapMemory.c */ = {isa = PBXFileReference; fileEncoding = 4; lastKnownFileType = sourcecode.c.c; path = AcpiOsMapMemory.c; sourceTree = "<group>"; };
		055EB7261A9626E8009ACFEC /* AcpiOsPhysicalTableOverride.c */ = {isa = PBXFileReference; fileEncoding = 4; lastKnownFileType = sourcecode.c.c; path = AcpiOsPhysicalTableOverride.c; sourceTree = "<group>"; };
		055EB7271A9626E8009ACFEC /* AcpiOsPredefinedOverride.c */ = {isa = PBXFileReference; fileEncoding = 4; lastKnownFileType = sourcecode.c.c; path = AcpiOsPredefinedOverride.c; sourceTree = "<group>"; };
		055EB7281A9626E8009ACFEC /* AcpiOsPrintf.c */ = {isa = PBXFileReference; fileEncoding = 4; lastKnownFileType = sourcecode.c.c; path = AcpiOsPrintf.c; sourceTree = "<group>"; };
		055EB7291A9626E8009ACFEC /* AcpiOsPurgeCache.c */ = {isa = PBXFileReference; fileEncoding = 4; lastKnownFileType = sourcecode.c.c; path = AcpiOsPurgeCache.c; sourceTree = "<group>"; };
		055EB72A1A9626E8009ACFEC /* AcpiOsReadable.c */ = {isa = PBXFileReference; fileEncoding = 4; lastKnownFileType = sourcecode.c.c; path = AcpiOsReadable.c; sourceTree = "<group>"; };
		055EB72B1A9626E8009ACFEC /* AcpiOsReadMemory.c */ = {isa = PBXFileReference; fileEncoding = 4; lastKnownFileType = sourcecode.c.c; path = AcpiOsReadMemory.c; sourceTree = "<group>"; };
		055EB72C1A9626E8009ACFEC /* AcpiOsReadPciConfiguration.c */ = {isa = PBXFileReference; fileEncoding = 4; lastKnownFileType = sourcecode.c.c; path = AcpiOsReadPciConfiguration.c; sourceTree = "<group>"; };
		055EB72D1A9626E8009ACFEC /* AcpiOsReadPort.c */ = {isa = PBXFileReference; fileEncoding = 4; lastKnownFileType = sourcecode.c.c; path = AcpiOsReadPort.c; sourceTree = "<group>"; };
		055EB72E1A9626E8009ACFEC /* AcpiOsRedirectOutput.c */ = {isa = PBXFileReference; fileEncoding = 4; lastKnownFileType = sourcecode.c.c; path = AcpiOsRedirectOutput.c; sourceTree = "<group>"; };
		055EB72F1A9626E8009ACFEC /* AcpiOsReleaseLock.c */ = {isa = PBXFileReference; fileEncoding = 4; lastKnownFileType = sourcecode.c.c; path = AcpiOsReleaseLock.c; sourceTree = "<group>"; };
		055EB7301A9626E8009ACFEC /* AcpiOsReleaseMutex.c */ = {isa = PBXFileReference; fileEncoding = 4; lastKnownFileType = sourcecode.c.c; path = AcpiOsReleaseMutex.c; sourceTree = "<group>"; };
		055EB7311A9626E8009ACFEC /* AcpiOsReleaseObject.c */ = {isa = PBXFileReference; fileEncoding = 4; lastKnownFileType = sourcecode.c.c; path = AcpiOsReleaseObject.c; sourceTree = "<group>"; };
		055EB7321A9626E8009ACFEC /* AcpiOsRemoveInterruptHandler.c */ = {isa = PBXFileReference; fileEncoding = 4; lastKnownFileType = sourcecode.c.c; path = AcpiOsRemoveInterruptHandler.c; sourceTree = "<group>"; };
		055EB7331A9626E8009ACFEC /* AcpiOsSignal.c */ = {isa = PBXFileReference; fileEncoding = 4; lastKnownFileType = sourcecode.c.c; path = AcpiOsSignal.c; sourceTree = "<group>"; };
		055EB7341A9626E8009ACFEC /* AcpiOsSignalSemaphore.c */ = {isa = PBXFileReference; fileEncoding = 4; lastKnownFileType = sourcecode.c.c; path = AcpiOsSignalSemaphore.c; sourceTree = "<group>"; };
		055EB7351A9626E8009ACFEC /* AcpiOsSleep.c */ = {isa = PBXFileReference; fileEncoding = 4; lastKnownFileType = sourcecode.c.c; path = AcpiOsSleep.c; sourceTree = "<group>"; };
		055EB7361A9626E8009ACFEC /* AcpiOsStall.c */ = {isa = PBXFileReference; fileEncoding = 4; lastKnownFileType = sourcecode.c.c; path = AcpiOsStall.c; sourceTree = "<group>"; };
		055EB7371A9626E8009ACFEC /* AcpiOsTableOverride.c */ = {isa = PBXFileReference; fileEncoding = 4; lastKnownFileType = sourcecode.c.c; path = AcpiOsTableOverride.c; sourceTree = "<group>"; };
		055EB7381A9626E8009ACFEC /* AcpiOsTerminate.c */ = {isa = PBXFileReference; fileEncoding = 4; lastKnownFileType = sourcecode.c.c; path = AcpiOsTerminate.c; sourceTree = "<group>"; };
		055EB7391A9626E8009ACFEC /* AcpiOsUnmapMemory.c */ = {isa = PBXFileReference; fileEncoding = 4; lastKnownFileType = sourcecode.c.c; path = AcpiOsUnmapMemory.c; sourceTree = "<group>"; };
		055EB73A1A9626E8009ACFEC /* AcpiOsVprintf.c */ = {isa = PBXFileReference; fileEncoding = 4; lastKnownFileType = sourcecode.c.c; path = AcpiOsVprintf.c; sourceTree = "<group>"; };
		055EB73B1A9626E8009ACFEC /* AcpiOsWaitEventsComplete.c */ = {isa = PBXFileReference; fileEncoding = 4; lastKnownFileType = sourcecode.c.c; path = AcpiOsWaitEventsComplete.c; sourceTree = "<group>"; };
		055EB73C1A9626E8009ACFEC /* AcpiOsWaitSemaphore.c */ = {isa = PBXFileReference; fileEncoding = 4; lastKnownFileType = sourcecode.c.c; path = AcpiOsWaitSemaphore.c; sourceTree = "<group>"; };
		055EB73D1A9626E8009ACFEC /* AcpiOsWritable.c */ = {isa = PBXFileReference; fileEncoding = 4; lastKnownFileType = sourcecode.c.c; path = AcpiOsWritable.c; sourceTree = "<group>"; };
		055EB73E1A9626E8009ACFEC /* AcpiOsWriteMemory.c */ = {isa = PBXFileReference; fileEncoding = 4; lastKnownFileType = sourcecode.c.c; path = AcpiOsWriteMemory.c; sourceTree = "<group>"; };
		055EB73F1A9626E8009ACFEC /* AcpiOsWritePciConfiguration.c */ = {isa = PBXFileReference; fileEncoding = 4; lastKnownFileType = sourcecode.c.c; path = AcpiOsWritePciConfiguration.c; sourceTree = "<group>"; };
		055EB7401A9626E8009ACFEC /* AcpiOsWritePort.c */ = {isa = PBXFileReference; fileEncoding = 4; lastKnownFileType = sourcecode.c.c; path = AcpiOsWritePort.c; sourceTree = "<group>"; };
/* End PBXFileReference section */

/* Begin PBXGroup section */
		055EB6C81A9626E8009ACFEC /* include */ = {
			isa = PBXGroup;
			children = (
				055EB6C91A9626E8009ACFEC /* acpi */,
				055EB7061A9626E8009ACFEC /* acpi.h */,
			);
			path = include;
			sourceTree = "<group>";
		};
		055EB6C91A9626E8009ACFEC /* acpi */ = {
			isa = PBXGroup;
			children = (
				055EB6CA1A9626E8009ACFEC /* __private */,
				055EB6CC1A9626E8009ACFEC /* acpi.h */,
				055EB6CD1A9626E8009ACFEC /* acpica */,
				055EB7041A9626E8009ACFEC /* acpica-clang-warnings.h */,
				055EB7051A9626E8009ACFEC /* acpica.h */,
			);
			path = acpi;
			sourceTree = "<group>";
		};
		055EB6CA1A9626E8009ACFEC /* __private */ = {
			isa = PBXGroup;
			children = (
				055EB6CB1A9626E8009ACFEC /* acpi.h */,
			);
			path = __private;
			sourceTree = "<group>";
		};
		055EB6CD1A9626E8009ACFEC /* acpica */ = {
			isa = PBXGroup;
			children = (
				055EB6CE1A9626E8009ACFEC /* acapps.h */,
				055EB6CF1A9626E8009ACFEC /* acbuffer.h */,
				055EB6D01A9626E8009ACFEC /* accommon.h */,
				055EB6D11A9626E8009ACFEC /* acconfig.h */,
				055EB6D21A9626E8009ACFEC /* acdebug.h */,
				055EB6D31A9626E8009ACFEC /* acdisasm.h */,
				055EB6D41A9626E8009ACFEC /* acdispat.h */,
				055EB6D51A9626E8009ACFEC /* acevents.h */,
				055EB6D61A9626E8009ACFEC /* acexcep.h */,
				055EB6D71A9626E8009ACFEC /* acglobal.h */,
				055EB6D81A9626E8009ACFEC /* achware.h */,
				055EB6D91A9626E8009ACFEC /* acinterp.h */,
				055EB6DA1A9626E8009ACFEC /* aclocal.h */,
				055EB6DB1A9626E8009ACFEC /* acmacros.h */,
				055EB6DC1A9626E8009ACFEC /* acnames.h */,
				055EB6DD1A9626E8009ACFEC /* acnamesp.h */,
				055EB6DE1A9626E8009ACFEC /* acobject.h */,
				055EB6DF1A9626E8009ACFEC /* acopcode.h */,
				055EB6E01A9626E8009ACFEC /* acoutput.h */,
				055EB6E11A9626E8009ACFEC /* acparser.h */,
				055EB6E21A9626E8009ACFEC /* acpi.h */,
				055EB6E31A9626E8009ACFEC /* acpiosxf.h */,
				055EB6E41A9626E8009ACFEC /* acpixf.h */,
				055EB6E51A9626E8009ACFEC /* acpredef.h */,
				055EB6E61A9626E8009ACFEC /* acresrc.h */,
				055EB6E71A9626E8009ACFEC /* acrestyp.h */,
				055EB6E81A9626E8009ACFEC /* acstruct.h */,
				055EB6E91A9626E8009ACFEC /* actables.h */,
				055EB6EA1A9626E8009ACFEC /* actbl.h */,
				055EB6EB1A9626E8009ACFEC /* actbl1.h */,
				055EB6EC1A9626E8009ACFEC /* actbl2.h */,
				055EB6ED1A9626E8009ACFEC /* actbl3.h */,
				055EB6EE1A9626E8009ACFEC /* actypes.h */,
				055EB6EF1A9626E8009ACFEC /* acutils.h */,
				055EB6F01A9626E8009ACFEC /* amlcode.h */,
				055EB6F11A9626E8009ACFEC /* amlresrc.h */,
				055EB6F21A9626E8009ACFEC /* platform */,
			);
			path = acpica;
			sourceTree = "<group>";
		};
		055EB6F21A9626E8009ACFEC /* platform */ = {
			isa = PBXGroup;
			children = (
				055EB6F31A9626E8009ACFEC /* accygwin.h */,
				055EB6F41A9626E8009ACFEC /* acefi.h */,
				055EB6F51A9626E8009ACFEC /* acenv.h */,
				055EB6F61A9626E8009ACFEC /* acenvex.h */,
				055EB6F71A9626E8009ACFEC /* acfreebsd.h */,
				055EB6F81A9626E8009ACFEC /* acgcc.h */,
				055EB6F91A9626E8009ACFEC /* achaiku.h */,
				055EB6FA1A9626E8009ACFEC /* acintel.h */,
				055EB6FB1A9626E8009ACFEC /* aclinux.h */,
				055EB6FC1A9626E8009ACFEC /* aclinuxex.h */,
				055EB6FD1A9626E8009ACFEC /* acmacosx.h */,
				055EB6FE1A9626E8009ACFEC /* acmsvc.h */,
				055EB6FF1A9626E8009ACFEC /* acnetbsd.h */,
				055EB7001A9626E8009ACFEC /* acos2.h */,
				055EB7011A9626E8009ACFEC /* acwin.h */,
				055EB7021A9626E8009ACFEC /* acwin64.h */,
				055EB7031A9626E8009ACFEC /* acxeos.h */,
			);
			path = platform;
			sourceTree = "<group>";
		};
		055EB7091A9626E8009ACFEC /* source */ = {
			isa = PBXGroup;
			children = (
				055EB70A1A9626E8009ACFEC /* acpi */,
				055EB70F1A9626E8009ACFEC /* osl */,
			);
			path = source;
			sourceTree = "<group>";
		};
		055EB70A1A9626E8009ACFEC /* acpi */ = {
			isa = PBXGroup;
			children = (
				055EB70B1A9626E8009ACFEC /* __ACPI.c */,
				055EB70C1A9626E8009ACFEC /* ACPI_DisableLogging.c */,
				055EB70D1A9626E8009ACFEC /* ACPI_EnableLogging.c */,
				055EB70E1A9626E8009ACFEC /* ACPI_SetLoggingFunction.c */,
			);
			path = acpi;
			sourceTree = "<group>";
		};
		055EB70F1A9626E8009ACFEC /* osl */ = {
			isa = PBXGroup;
			children = (
				055EB7101A9626E8009ACFEC /* AcpiOsAcquireLock.c */,
				055EB7111A9626E8009ACFEC /* AcpiOsAcquireMutex.c */,
				055EB7121A9626E8009ACFEC /* AcpiOsAcquireObject.c */,
				055EB7131A9626E8009ACFEC /* AcpiOsAllocate.c */,
				055EB7141A9626E8009ACFEC /* AcpiOsCreateCache.c */,
				055EB7151A9626E8009ACFEC /* AcpiOsCreateLock.c */,
				055EB7161A9626E8009ACFEC /* AcpiOsCreateMutex.c */,
				055EB7171A9626E8009ACFEC /* AcpiOsCreateSemaphore.c */,
				055EB7181A9626E8009ACFEC /* AcpiOsDeleteCache.c */,
				055EB7191A9626E8009ACFEC /* AcpiOsDeleteLock.c */,
				055EB71A1A9626E8009ACFEC /* AcpiOsDeleteMutex.c */,
				055EB71B1A9626E8009ACFEC /* AcpiOsDeleteSemaphore.c */,
				055EB71C1A9626E8009ACFEC /* AcpiOsExecute.c */,
				055EB71D1A9626E8009ACFEC /* AcpiOsFree.c */,
				055EB71E1A9626E8009ACFEC /* AcpiOsGetLine.c */,
				055EB71F1A9626E8009ACFEC /* AcpiOsGetPhysicalAddress.c */,
				055EB7201A9626E8009ACFEC /* AcpiOsGetRootPointer.c */,
				055EB7211A9626E8009ACFEC /* AcpiOsGetThreadId.c */,
				055EB7221A9626E8009ACFEC /* AcpiOsGetTimer.c */,
				055EB7231A9626E8009ACFEC /* AcpiOsInitialize.c */,
				055EB7241A9626E8009ACFEC /* AcpiOsInstallInterruptHandler.c */,
				055EB7251A9626E8009ACFEC /* AcpiOsMapMemory.c */,
				055EB7261A9626E8009ACFEC /* AcpiOsPhysicalTableOverride.c */,
				055EB7271A9626E8009ACFEC /* AcpiOsPredefinedOverride.c */,
				055EB7281A9626E8009ACFEC /* AcpiOsPrintf.c */,
				055EB7291A9626E8009ACFEC /* AcpiOsPurgeCache.c */,
				055EB72A1A9626E8009ACFEC /* AcpiOsReadable.c */,
				055EB72B1A9626E8009ACFEC /* AcpiOsReadMemory.c */,
				055EB72C1A9626E8009ACFEC /* AcpiOsReadPciConfiguration.c */,
				055EB72D1A9626E8009ACFEC /* AcpiOsReadPort.c */,
				055EB72E1A9626E8009ACFEC /* AcpiOsRedirectOutput.c */,
				055EB72F1A9626E8009ACFEC /* AcpiOsReleaseLock.c */,
				055EB7301A9626E8009ACFEC /* AcpiOsReleaseMutex.c */,
				055EB7311A9626E8009ACFEC /* AcpiOsReleaseObject.c */,
				055EB7321A9626E8009ACFEC /* AcpiOsRemoveInterruptHandler.c */,
				055EB7331A9626E8009ACFEC /* AcpiOsSignal.c */,
				055EB7341A9626E8009ACFEC /* AcpiOsSignalSemaphore.c */,
				055EB7351A9626E8009ACFEC /* AcpiOsSleep.c */,
				055EB7361A9626E8009ACFEC /* AcpiOsStall.c */,
				055EB7371A9626E8009ACFEC /* AcpiOsTableOverride.c */,
				055EB7381A9626E8009ACFEC /* AcpiOsTerminate.c */,
				055EB7391A9626E8009ACFEC /* AcpiOsUnmapMemory.c */,
				055EB73A1A9626E8009ACFEC /* AcpiOsVprintf.c */,
				055EB73B1A9626E8009ACFEC /* AcpiOsWaitEventsComplete.c */,
				055EB73C1A9626E8009ACFEC /* AcpiOsWaitSemaphore.c */,
				055EB73D1A9626E8009ACFEC /* AcpiOsWritable.c */,
				055EB73E1A9626E8009ACFEC /* AcpiOsWriteMemory.c */,
				055EB73F1A9626E8009ACFEC /* AcpiOsWritePciConfiguration.c */,
				055EB7401A9626E8009ACFEC /* AcpiOsWritePort.c */,
			);
			path = osl;
			sourceTree = "<group>";
		};
		0595BA7A17AC11A70021435A = {
			isa = PBXGroup;
			children = (
				055EB6C81A9626E8009ACFEC /* include */,
				055EB7071A9626E8009ACFEC /* Makefile */,
				055EB7081A9626E8009ACFEC /* README.md */,
				055EB7091A9626E8009ACFEC /* source */,
			);
			sourceTree = "<group>";
		};
/* End PBXGroup section */

/* Begin PBXLegacyTarget section */
		0595BA7F17AC11A70021435A /* XEOS-core-acpi */ = {
			isa = PBXLegacyTarget;
			buildArgumentsString = "$(ACTION)";
			buildConfigurationList = 0595BA8217AC11A70021435A /* Build configuration list for PBXLegacyTarget "XEOS-core-acpi" */;
			buildPhases = (
			);
			buildToolPath = /usr/bin/make;
			buildWorkingDirectory = "";
			dependencies = (
			);
			name = "XEOS-core-acpi";
			passBuildSettingsInEnvironment = 1;
			productName = "LIB-PTHREAD";
		};
/* End PBXLegacyTarget section */

/* Begin PBXProject section */
		0595BA7B17AC11A70021435A /* Project object */ = {
			isa = PBXProject;
			attributes = {
				LastUpgradeCheck = 0630;
				ORGANIZATIONNAME = "XS-Labs";
			};
			buildConfigurationList = 0595BA7E17AC11A70021435A /* Build configuration list for PBXProject "XEOS-core-acpi" */;
			compatibilityVersion = "Xcode 3.2";
			developmentRegion = English;
			hasScannedForEncodings = 0;
			knownRegions = (
				en,
			);
			mainGroup = 0595BA7A17AC11A70021435A;
			projectDirPath = "";
			projectRoot = "";
			targets = (
				0595BA7F17AC11A70021435A /* XEOS-core-acpi */,
			);
		};
/* End PBXProject section */

/* Begin XCBuildConfiguration section */
		0595BA8117AC11A70021435A /* Release */ = {
			isa = XCBuildConfiguration;
			buildSettings = {
			};
			name = Release;
		};
		0595BA8417AC11A70021435A /* Release */ = {
			isa = XCBuildConfiguration;
			buildSettings = {
			};
			name = Release;
		};
/* End XCBuildConfiguration section */

/* Begin XCConfigurationList section */
		0595BA7E17AC11A70021435A /* Build configuration list for PBXProject "XEOS-core-acpi" */ = {
			isa = XCConfigurationList;
			buildConfigurations = (
				0595BA8117AC11A70021435A /* Release */,
			);
			defaultConfigurationIsVisible = 0;
			defaultConfigurationName = Release;
		};
		0595BA8217AC11A70021435A /* Build configuration list for PBXLegacyTarget "XEOS-core-acpi" */ = {
			isa = XCConfigurationList;
			buildConfigurations = (
				0595BA8417AC11A70021435A /* Release */,
			);
			defaultConfigurationIsVisible = 0;
			defaultConfigurationName = Release;
		};
/* End XCConfigurationList section */
	};
	rootObject = 0595BA7B17AC11A70021435A /* Project object */;
}
